
Microsoft Visual Studio Solution File, Format Version 12.00
# Visual Studio Version 17
VisualStudioVersion = 17.6.33815.320
MinimumVisualStudioVersion = 10.0.40219.1
Project("{FAE04EC0-301F-11D3-BF4B-00C04F79EFBC}") = "PL", "PL\PL.csproj", "{AAA6BDBF-8530-497E-845A-F9EF0151FBFE}"
EndProject
Project("{FAE04EC0-301F-11D3-BF4B-00C04F79EFBC}") = "BL", "BL\BL.csproj", "{D4C82FD6-8FEE-4B91-BBB6-34BFCDD02DB5}"
EndProject
Project("{FAE04EC0-301F-11D3-BF4B-00C04F79EFBC}") = "DL", "DL\DL.csproj", "{F6E2A6DE-6745-4CB5-B41D-B1C043543C2C}"
EndProject
Global
	GlobalSection(SolutionConfigurationPlatforms) = preSolution
		Debug|Any CPU = Debug|Any CPU
		Release|Any CPU = Release|Any CPU
	EndGlobalSection
	GlobalSection(ProjectConfigurationPlatforms) = postSolution
		{AAA6BDBF-8530-497E-845A-F9EF0151FBFE}.Debug|Any CPU.ActiveCfg = Debug|Any CPU
		{AAA6BDBF-8530-497E-845A-F9EF0151FBFE}.Debug|Any CPU.Build.0 = Debug|Any CPU
		{AAA6BDBF-8530-497E-845A-F9EF0151FBFE}.Release|Any CPU.ActiveCfg = Release|Any CPU
		{AAA6BDBF-8530-497E-845A-F9EF0151FBFE}.Release|Any CPU.Build.0 = Release|Any CPU
		{D4C82FD6-8FEE-4B91-BBB6-34BFCDD02DB5}.Debug|Any CPU.ActiveCfg = Debug|Any CPU
		{D4C82FD6-8FEE-4B91-BBB6-34BFCDD02DB5}.Debug|Any CPU.Build.0 = Debug|Any CPU
		{D4C82FD6-8FEE-4B91-BBB6-34BFCDD02DB5}.Release|Any CPU.ActiveCfg = Release|Any CPU
		{D4C82FD6-8FEE-4B91-BBB6-34BFCDD02DB5}.Release|Any CPU.Build.0 = Release|Any CPU
		{F6E2A6DE-6745-4CB5-B41D-B1C043543C2C}.Debug|Any CPU.ActiveCfg = Debug|Any CPU
		{F6E2A6DE-6745-4CB5-B41D-B1C043543C2C}.Debug|Any CPU.Build.0 = Debug|Any CPU
		{F6E2A6DE-6745-4CB5-B41D-B1C043543C2C}.Release|Any CPU.ActiveCfg = Release|Any CPU
		{F6E2A6DE-6745-4CB5-B41D-B1C043543C2C}.Release|Any CPU.Build.0 = Release|Any CPU
	EndGlobalSection
	GlobalSection(SolutionProperties) = preSolution
		HideSolutionNode = FALSE
	EndGlobalSection
	GlobalSection(ExtensibilityGlobals) = postSolution
		SolutionGuid = {E611C73A-1D73-443E-A77E-6E72824E4BB6}
	EndGlobalSection
EndGlobal
